
Microsoft Visual Studio Solution File, Format Version 12.00
Project("{FAE04EC0-301F-11D3-BF4B-00C04F79EFBC}") = "XmlResolver", "XmlResolver\XmlResolver.csproj", "{9C40BD4F-50F8-46D1-A349-B5F1CB8FF05C}"
EndProject
Project("{FAE04EC0-301F-11D3-BF4B-00C04F79EFBC}") = "Tests", "Tests\Tests.csproj", "{DD0DD8F8-D19C-4F8E-A30E-89AD1444712E}"
EndProject
Global
	GlobalSection(SolutionConfigurationPlatforms) = preSolution
		Debug|Any CPU = Debug|Any CPU
		Release|Any CPU = Release|Any CPU
	EndGlobalSection
	GlobalSection(ProjectConfigurationPlatforms) = postSolution
		{9C40BD4F-50F8-46D1-A349-B5F1CB8FF05C}.Debug|Any CPU.ActiveCfg = Debug|Any CPU
		{9C40BD4F-50F8-46D1-A349-B5F1CB8FF05C}.Debug|Any CPU.Build.0 = Debug|Any CPU
		{9C40BD4F-50F8-46D1-A349-B5F1CB8FF05C}.Release|Any CPU.ActiveCfg = Release|Any CPU
		{9C40BD4F-50F8-46D1-A349-B5F1CB8FF05C}.Release|Any CPU.Build.0 = Release|Any CPU
		{DD0DD8F8-D19C-4F8E-A30E-89AD1444712E}.Debug|Any CPU.ActiveCfg = Debug|Any CPU
		{DD0DD8F8-D19C-4F8E-A30E-89AD1444712E}.Debug|Any CPU.Build.0 = Debug|Any CPU
		{DD0DD8F8-D19C-4F8E-A30E-89AD1444712E}.Release|Any CPU.ActiveCfg = Release|Any CPU
		{DD0DD8F8-D19C-4F8E-A30E-89AD1444712E}.Release|Any CPU.Build.0 = Release|Any CPU
	EndGlobalSection
EndGlobal
