<Solution>
  <Folder Name="/Test/">
    <Project Path="DataTests/DataTests.csproj" />
    <Project Path="UnitTests/UnitTests.csproj" />
    <Project Path="SampleApp/SampleApp.csproj" />
  </Folder>
  <Project Path="XmlResolver/XmlResolver.csproj" />
  <Project Path="XmlResolverData/XmlResolverData.csproj" />
</Solution>
